
Microsoft Visual Studio Solution File, Format Version 12.00
# Visual Studio Version 17
VisualStudioVersion = 17.13.35913.81
MinimumVisualStudioVersion = 10.0.40219.1
Project("{FAE04EC0-301F-11D3-BF4B-00C04F79EFBC}") = "USSI.API", "Application\USSI.API\USSI.API.csproj", "{10496AC0-7687-408E-8968-775E9F90EE5E}"
EndProject
Project("{2150E333-8FDC-42A3-9474-1A3956D46DE8}") = "DataAccess", "DataAccess", "{02EA681E-C7D8-13C7-8484-4AC65E1B71E8}"
EndProject
Project("{2150E333-8FDC-42A3-9474-1A3956D46DE8}") = "Modles", "Modles", "{0A7E591A-B4FF-49B9-94EE-4C1A6556DE08}"
EndProject
Project("{2150E333-8FDC-42A3-9474-1A3956D46DE8}") = "Logic", "Logic", "{037B58F7-D735-4619-895B-5E7361A791C9}"
EndProject
Project("{2150E333-8FDC-42A3-9474-1A3956D46DE8}") = "Middleware", "Middleware", "{1363C0D1-AC2F-4E3C-B868-2AD6B62CEE24}"
EndProject
Project("{FAE04EC0-301F-11D3-BF4B-00C04F79EFBC}") = "USSI.API.DataAccess.SQLite", "Data Access\USSI.API.DataAccess.SQLite\USSI.API.DataAccess.SQLite.csproj", "{BBA739F7-FFE2-40FB-8F8D-E4FC15B4980C}"
EndProject
Project("{FAE04EC0-301F-11D3-BF4B-00C04F79EFBC}") = "USSI.API.Commands", "Logic\USSI.API.Commands\USSI.API.Commands.csproj", "{11F821BF-19B3-4D86-8F7B-8F7793865490}"
EndProject
Project("{FAE04EC0-301F-11D3-BF4B-00C04F79EFBC}") = "USSI.API.Queries", "Logic\USSI.API.Queries\USSI.API.Queries.csproj", "{4EEC8383-F0BA-4293-B616-6EF14ED0B9B9}"
EndProject
Project("{FAE04EC0-301F-11D3-BF4B-00C04F79EFBC}") = "USSI.API.Models", "Models\USSI.API.Models\USSI.API.Models.csproj", "{8BF9E45E-872A-42D4-83BD-6E858C77011E}"
EndProject
Project("{FAE04EC0-301F-11D3-BF4B-00C04F79EFBC}") = "USSI.API.Core.DataServices", "Middleware\USSI.API.Core.DataServices\USSI.API.Core.DataServices.csproj", "{A87999CA-AD78-4A56-9F71-C672B311EF5D}"
EndProject
Project("{FAE04EC0-301F-11D3-BF4B-00C04F79EFBC}") = "USSI.API.Core.Repository", "Middleware\USSI.API.Core.Repository\USSI.API.Core.Repository.csproj", "{E410E045-639F-4389-A00F-4423C14E8CF5}"
EndProject
Project("{FAE04EC0-301F-11D3-BF4B-00C04F79EFBC}") = "USSI.API.Core.Commands", "Middleware\USSI.API.Core.Commands\USSI.API.Core.Commands.csproj", "{31BFD998-8385-474C-900D-0FD1A2DB95A6}"
EndProject
Project("{FAE04EC0-301F-11D3-BF4B-00C04F79EFBC}") = "USSI.API.Core.Queries", "Middleware\USSI.API.Core.Queries\USSI.API.Core.Queries.csproj", "{756EEF66-8D55-4334-B529-7AF48B847835}"
EndProject
Project("{FAE04EC0-301F-11D3-BF4B-00C04F79EFBC}") = "USSI.API.Client", "Middleware\USSI.API.Client\USSI.API.Client.csproj", "{ED3002DD-A611-42D6-AD9C-ACD5E94117E6}"
EndProject
Project("{FAE04EC0-301F-11D3-BF4B-00C04F79EFBC}") = "USSI.API.Parsers", "Logic\USSI.API.Parsers\USSI.API.Parsers.csproj", "{ED39A19B-4760-4A5E-8672-6951AC047CBC}"
EndProject
Global
	GlobalSection(SolutionConfigurationPlatforms) = preSolution
		Debug|Any CPU = Debug|Any CPU
		Release|Any CPU = Release|Any CPU
	EndGlobalSection
	GlobalSection(ProjectConfigurationPlatforms) = postSolution
		{10496AC0-7687-408E-8968-775E9F90EE5E}.Debug|Any CPU.ActiveCfg = Debug|Any CPU
		{10496AC0-7687-408E-8968-775E9F90EE5E}.Debug|Any CPU.Build.0 = Debug|Any CPU
		{10496AC0-7687-408E-8968-775E9F90EE5E}.Release|Any CPU.ActiveCfg = Release|Any CPU
		{10496AC0-7687-408E-8968-775E9F90EE5E}.Release|Any CPU.Build.0 = Release|Any CPU
		{BBA739F7-FFE2-40FB-8F8D-E4FC15B4980C}.Debug|Any CPU.ActiveCfg = Debug|Any CPU
		{BBA739F7-FFE2-40FB-8F8D-E4FC15B4980C}.Debug|Any CPU.Build.0 = Debug|Any CPU
		{BBA739F7-FFE2-40FB-8F8D-E4FC15B4980C}.Release|Any CPU.ActiveCfg = Release|Any CPU
		{BBA739F7-FFE2-40FB-8F8D-E4FC15B4980C}.Release|Any CPU.Build.0 = Release|Any CPU
		{11F821BF-19B3-4D86-8F7B-8F7793865490}.Debug|Any CPU.ActiveCfg = Debug|Any CPU
		{11F821BF-19B3-4D86-8F7B-8F7793865490}.Debug|Any CPU.Build.0 = Debug|Any CPU
		{11F821BF-19B3-4D86-8F7B-8F7793865490}.Release|Any CPU.ActiveCfg = Release|Any CPU
		{11F821BF-19B3-4D86-8F7B-8F7793865490}.Release|Any CPU.Build.0 = Release|Any CPU
		{4EEC8383-F0BA-4293-B616-6EF14ED0B9B9}.Debug|Any CPU.ActiveCfg = Debug|Any CPU
		{4EEC8383-F0BA-4293-B616-6EF14ED0B9B9}.Debug|Any CPU.Build.0 = Debug|Any CPU
		{4EEC8383-F0BA-4293-B616-6EF14ED0B9B9}.Release|Any CPU.ActiveCfg = Release|Any CPU
		{4EEC8383-F0BA-4293-B616-6EF14ED0B9B9}.Release|Any CPU.Build.0 = Release|Any CPU
		{8BF9E45E-872A-42D4-83BD-6E858C77011E}.Debug|Any CPU.ActiveCfg = Debug|Any CPU
		{8BF9E45E-872A-42D4-83BD-6E858C77011E}.Debug|Any CPU.Build.0 = Debug|Any CPU
		{8BF9E45E-872A-42D4-83BD-6E858C77011E}.Release|Any CPU.ActiveCfg = Release|Any CPU
		{8BF9E45E-872A-42D4-83BD-6E858C77011E}.Release|Any CPU.Build.0 = Release|Any CPU
		{A87999CA-AD78-4A56-9F71-C672B311EF5D}.Debug|Any CPU.ActiveCfg = Debug|Any CPU
		{A87999CA-AD78-4A56-9F71-C672B311EF5D}.Debug|Any CPU.Build.0 = Debug|Any CPU
		{A87999CA-AD78-4A56-9F71-C672B311EF5D}.Release|Any CPU.ActiveCfg = Release|Any CPU
		{A87999CA-AD78-4A56-9F71-C672B311EF5D}.Release|Any CPU.Build.0 = Release|Any CPU
		{E410E045-639F-4389-A00F-4423C14E8CF5}.Debug|Any CPU.ActiveCfg = Debug|Any CPU
		{E410E045-639F-4389-A00F-4423C14E8CF5}.Debug|Any CPU.Build.0 = Debug|Any CPU
		{E410E045-639F-4389-A00F-4423C14E8CF5}.Release|Any CPU.ActiveCfg = Release|Any CPU
		{E410E045-639F-4389-A00F-4423C14E8CF5}.Release|Any CPU.Build.0 = Release|Any CPU
		{31BFD998-8385-474C-900D-0FD1A2DB95A6}.Debug|Any CPU.ActiveCfg = Debug|Any CPU
		{31BFD998-8385-474C-900D-0FD1A2DB95A6}.Debug|Any CPU.Build.0 = Debug|Any CPU
		{31BFD998-8385-474C-900D-0FD1A2DB95A6}.Release|Any CPU.ActiveCfg = Release|Any CPU
		{31BFD998-8385-474C-900D-0FD1A2DB95A6}.Release|Any CPU.Build.0 = Release|Any CPU
		{756EEF66-8D55-4334-B529-7AF48B847835}.Debug|Any CPU.ActiveCfg = Debug|Any CPU
		{756EEF66-8D55-4334-B529-7AF48B847835}.Debug|Any CPU.Build.0 = Debug|Any CPU
		{756EEF66-8D55-4334-B529-7AF48B847835}.Release|Any CPU.ActiveCfg = Release|Any CPU
		{756EEF66-8D55-4334-B529-7AF48B847835}.Release|Any CPU.Build.0 = Release|Any CPU
		{ED3002DD-A611-42D6-AD9C-ACD5E94117E6}.Debug|Any CPU.ActiveCfg = Debug|Any CPU
		{ED3002DD-A611-42D6-AD9C-ACD5E94117E6}.Debug|Any CPU.Build.0 = Debug|Any CPU
		{ED3002DD-A611-42D6-AD9C-ACD5E94117E6}.Release|Any CPU.ActiveCfg = Release|Any CPU
		{ED3002DD-A611-42D6-AD9C-ACD5E94117E6}.Release|Any CPU.Build.0 = Release|Any CPU
		{ED39A19B-4760-4A5E-8672-6951AC047CBC}.Debug|Any CPU.ActiveCfg = Debug|Any CPU
		{ED39A19B-4760-4A5E-8672-6951AC047CBC}.Debug|Any CPU.Build.0 = Debug|Any CPU
		{ED39A19B-4760-4A5E-8672-6951AC047CBC}.Release|Any CPU.ActiveCfg = Release|Any CPU
		{ED39A19B-4760-4A5E-8672-6951AC047CBC}.Release|Any CPU.Build.0 = Release|Any CPU
	EndGlobalSection
	GlobalSection(SolutionProperties) = preSolution
		HideSolutionNode = FALSE
	EndGlobalSection
	GlobalSection(NestedProjects) = preSolution
		{BBA739F7-FFE2-40FB-8F8D-E4FC15B4980C} = {02EA681E-C7D8-13C7-8484-4AC65E1B71E8}
		{11F821BF-19B3-4D86-8F7B-8F7793865490} = {037B58F7-D735-4619-895B-5E7361A791C9}
		{4EEC8383-F0BA-4293-B616-6EF14ED0B9B9} = {037B58F7-D735-4619-895B-5E7361A791C9}
		{8BF9E45E-872A-42D4-83BD-6E858C77011E} = {0A7E591A-B4FF-49B9-94EE-4C1A6556DE08}
		{A87999CA-AD78-4A56-9F71-C672B311EF5D} = {1363C0D1-AC2F-4E3C-B868-2AD6B62CEE24}
		{E410E045-639F-4389-A00F-4423C14E8CF5} = {1363C0D1-AC2F-4E3C-B868-2AD6B62CEE24}
		{31BFD998-8385-474C-900D-0FD1A2DB95A6} = {1363C0D1-AC2F-4E3C-B868-2AD6B62CEE24}
		{756EEF66-8D55-4334-B529-7AF48B847835} = {1363C0D1-AC2F-4E3C-B868-2AD6B62CEE24}
		{ED3002DD-A611-42D6-AD9C-ACD5E94117E6} = {1363C0D1-AC2F-4E3C-B868-2AD6B62CEE24}
		{ED39A19B-4760-4A5E-8672-6951AC047CBC} = {037B58F7-D735-4619-895B-5E7361A791C9}
	EndGlobalSection
	GlobalSection(ExtensibilityGlobals) = postSolution
		SolutionGuid = {C9266808-D570-435F-9454-8C1FD5C188A7}
	EndGlobalSection
EndGlobal
